
Microsoft Visual Studio Solution File, Format Version 12.00
# Visual Studio Version 17
VisualStudioVersion = 17.9.34622.214
MinimumVisualStudioVersion = 10.0.40219.1
Project("{FAE04EC0-301F-11D3-BF4B-00C04F79EFBC}") = "EmergencyContact", "EmergencyContact\EmergencyContact.csproj", "{F5055617-4779-46B2-9B90-A739DFB4D3D3}"
EndProject
Global
	GlobalSection(SolutionConfigurationPlatforms) = preSolution
		Debug|Any CPU = Debug|Any CPU
		Release|Any CPU = Release|Any CPU
	EndGlobalSection
	GlobalSection(ProjectConfigurationPlatforms) = postSolution
		{F5055617-4779-46B2-9B90-A739DFB4D3D3}.Debug|Any CPU.ActiveCfg = Debug|Any CPU
		{F5055617-4779-46B2-9B90-A739DFB4D3D3}.Debug|Any CPU.Build.0 = Debug|Any CPU
		{F5055617-4779-46B2-9B90-A739DFB4D3D3}.Release|Any CPU.ActiveCfg = Release|Any CPU
		{F5055617-4779-46B2-9B90-A739DFB4D3D3}.Release|Any CPU.Build.0 = Release|Any CPU
	EndGlobalSection
	GlobalSection(SolutionProperties) = preSolution
		HideSolutionNode = FALSE
	EndGlobalSection
	GlobalSection(ExtensibilityGlobals) = postSolution
		SolutionGuid = {79404180-6C85-49DB-8CA6-265612C7AFBE}
	EndGlobalSection
EndGlobal
