
Microsoft Visual Studio Solution File, Format Version 12.00
# Visual Studio Version 17
VisualStudioVersion = 17.9.34622.214
MinimumVisualStudioVersion = 10.0.40219.1
Project("{FAE04EC0-301F-11D3-BF4B-00C04F79EFBC}") = "UI-ROOM LIST", "UI-ROOM LIST\UI-ROOM LIST.csproj", "{8C506EBB-A5A7-48FB-A927-FA0F12F68E8C}"
EndProject
Global
	GlobalSection(SolutionConfigurationPlatforms) = preSolution
		Debug|Any CPU = Debug|Any CPU
		Release|Any CPU = Release|Any CPU
	EndGlobalSection
	GlobalSection(ProjectConfigurationPlatforms) = postSolution
		{8C506EBB-A5A7-48FB-A927-FA0F12F68E8C}.Debug|Any CPU.ActiveCfg = Debug|Any CPU
		{8C506EBB-A5A7-48FB-A927-FA0F12F68E8C}.Debug|Any CPU.Build.0 = Debug|Any CPU
		{8C506EBB-A5A7-48FB-A927-FA0F12F68E8C}.Release|Any CPU.ActiveCfg = Release|Any CPU
		{8C506EBB-A5A7-48FB-A927-FA0F12F68E8C}.Release|Any CPU.Build.0 = Release|Any CPU
	EndGlobalSection
	GlobalSection(SolutionProperties) = preSolution
		HideSolutionNode = FALSE
	EndGlobalSection
	GlobalSection(ExtensibilityGlobals) = postSolution
		SolutionGuid = {1927FB9E-619B-42D7-90DB-79445F87FA41}
	EndGlobalSection
EndGlobal
